
Microsoft Visual Studio Solution File, Format Version 12.00
# Visual Studio Version 16
VisualStudioVersion = 16.0.31515.178
MinimumVisualStudioVersion = 10.0.40219.1
Project("{FAE04EC0-301F-11D3-BF4B-00C04F79EFBC}") = "L2.4", "L2.4\L2.4.csproj", "{E62F9FB6-1169-4B2B-B239-CAAD5BA4FA57}"
EndProject
Global
	GlobalSection(SolutionConfigurationPlatforms) = preSolution
		Debug|Any CPU = Debug|Any CPU
		Release|Any CPU = Release|Any CPU
	EndGlobalSection
	GlobalSection(ProjectConfigurationPlatforms) = postSolution
		{E62F9FB6-1169-4B2B-B239-CAAD5BA4FA57}.Debug|Any CPU.ActiveCfg = Debug|Any CPU
		{E62F9FB6-1169-4B2B-B239-CAAD5BA4FA57}.Debug|Any CPU.Build.0 = Debug|Any CPU
		{E62F9FB6-1169-4B2B-B239-CAAD5BA4FA57}.Release|Any CPU.ActiveCfg = Release|Any CPU
		{E62F9FB6-1169-4B2B-B239-CAAD5BA4FA57}.Release|Any CPU.Build.0 = Release|Any CPU
	EndGlobalSection
	GlobalSection(SolutionProperties) = preSolution
		HideSolutionNode = FALSE
	EndGlobalSection
	GlobalSection(ExtensibilityGlobals) = postSolution
		SolutionGuid = {E83F7A71-5E1A-473D-936B-B21B5742CFB8}
	EndGlobalSection
EndGlobal
